Microsoft Visual Studio Solution File, Format Version 12.00
Project("{FAE04EC0-301F-11D3-BF4B-00C04F79EFBC}") = "PBE_AssetsDownloader", "PBE_AssetsDownloader.csproj", "{0A8958C2-A56B-4B78-B368-13F47040C107}"
EndProject
Global
	GlobalSection(SolutionConfigurationPlatforms) = preSolution
		Debug|Any CPU = Debug|Any CPU
		Release|Any CPU = Release|Any CPU
	EndGlobalSection
	GlobalSection(ProjectConfigurationPlatforms) = postSolution
		{0A8958C2-A56B-4B78-B368-13F47040C107}.Debug|Any CPU.ActiveCfg = Debug|Any CPU
		{0A8958C2-A56B-4B78-B368-13F47040C107}.Debug|Any CPU.Build.0 = Debug|Any CPU
		{0A8958C2-A56B-4B78-B368-13F47040C107}.Release|Any CPU.ActiveCfg = Release|Any CPU
		{0A8958C2-A56B-4B78-B368-13F47040C107}.Release|Any CPU.Build.0 = Release|Any CPU
	EndGlobalSection
EndGlobal
